github.com/LucasRoesler/openfaas-examples-and-tests/sdk/nested-vendor v0.0.0-20220701134155-836b1ee47691 h1:a5ntUPlIrvJ6k1cFSrAD+816NRNOFYKOIYnUXrRbXVA=
github.com/LucasRoesler/openfaas-examples-and-tests/sdk/nested-vendor v0.0.0-20220701134155-836b1ee47691/go.mod h1:RXC1I8tQCR49C1eQ8+lqXVCxsWS/XWmvEpTCGyHICSI=
